
Microsoft Visual Studio Solution File, Format Version 12.00
# Visual Studio Version 16
VisualStudioVersion = 16.0.30804.86
MinimumVisualStudioVersion = 10.0.40219.1
Project("{9A19103F-16F7-4668-BE54-9A1E7A4F7556}") = "Preventiva.API", "Preventiva.API\Preventiva.API.csproj", "{FA6489FE-6C9F-47AF-8AD2-F95631A9F8AF}"
EndProject
Project("{2150E333-8FDC-42A3-9474-1A3956D46DE8}") = "1 Aplicacao", "1 Aplicacao", "{80942CE3-1E56-4CC7-AFDB-4CBDEB20B515}"
EndProject
Project("{2150E333-8FDC-42A3-9474-1A3956D46DE8}") = "2 Dominio", "2 Dominio", "{75F13B4D-03F4-4508-8417-877057014854}"
EndProject
Project("{2150E333-8FDC-42A3-9474-1A3956D46DE8}") = "3 Servicos", "3 Servicos", "{BEE693FF-1B53-4515-897A-647B957E2CC0}"
EndProject
Project("{2150E333-8FDC-42A3-9474-1A3956D46DE8}") = "4 Infra", "4 Infra", "{36C2D56C-CBB5-4675-88B0-77E6779F92EC}"
EndProject
Project("{2150E333-8FDC-42A3-9474-1A3956D46DE8}") = "4.1 Data", "4.1 Data", "{8B076372-A071-479E-9CC4-995546B53088}"
EndProject
Project("{2150E333-8FDC-42A3-9474-1A3956D46DE8}") = "src", "src", "{DF8C889D-C95F-478C-8627-A6406B504045}"
EndProject
Project("{FAE04EC0-301F-11D3-BF4B-00C04F79EFBC}") = "Preventiva.Servicos", "Preventiva.Servicos\Preventiva.Servicos.csproj", "{E6F89E0E-E956-4CBC-8C2B-5AC76FAE254B}"
EndProject
Project("{2150E333-8FDC-42A3-9474-1A3956D46DE8}") = "4.2 CrossCutting", "4.2 CrossCutting", "{68BE28AF-47DE-4596-8A79-1BF17BA22425}"
EndProject
Project("{FAE04EC0-301F-11D3-BF4B-00C04F79EFBC}") = "Preventiva.Infra.CrossCutting", "Preventiva.Infra.CrossCutting\Preventiva.Infra.CrossCutting.csproj", "{84D222BF-1E8E-49B2-9083-772F545982EF}"
EndProject
Project("{FAE04EC0-301F-11D3-BF4B-00C04F79EFBC}") = "Preventiva.Infra.Data", "Preventiva.Infra.Data\Preventiva.Infra.Data.csproj", "{3ED41662-6140-4AA0-AB91-17F6F26CCA57}"
EndProject
Project("{FAE04EC0-301F-11D3-BF4B-00C04F79EFBC}") = "Preventiva.Dominio", "Preventiva.Dominio\Preventiva.Dominio.csproj", "{DAEFFB54-3275-4B80-AF95-EAFC5DB4DD24}"
EndProject
Project("{2150E333-8FDC-42A3-9474-1A3956D46DE8}") = "4.3 Shared", "4.3 Shared", "{4B4CDF78-D177-4584-A80B-1936970D301D}"
EndProject
Project("{FAE04EC0-301F-11D3-BF4B-00C04F79EFBC}") = "Infra.Shared", "Infra.Shared\Infra.Shared.csproj", "{6207CDE5-0A16-4CCD-92D3-4A8D6F3A1926}"
EndProject
Global
	GlobalSection(SolutionConfigurationPlatforms) = preSolution
		Debug|Any CPU = Debug|Any CPU
		Release|Any CPU = Release|Any CPU
	EndGlobalSection
	GlobalSection(ProjectConfigurationPlatforms) = postSolution
		{FA6489FE-6C9F-47AF-8AD2-F95631A9F8AF}.Debug|Any CPU.ActiveCfg = Debug|Any CPU
		{FA6489FE-6C9F-47AF-8AD2-F95631A9F8AF}.Debug|Any CPU.Build.0 = Debug|Any CPU
		{FA6489FE-6C9F-47AF-8AD2-F95631A9F8AF}.Release|Any CPU.ActiveCfg = Release|Any CPU
		{FA6489FE-6C9F-47AF-8AD2-F95631A9F8AF}.Release|Any CPU.Build.0 = Release|Any CPU
		{E6F89E0E-E956-4CBC-8C2B-5AC76FAE254B}.Debug|Any CPU.ActiveCfg = Debug|Any CPU
		{E6F89E0E-E956-4CBC-8C2B-5AC76FAE254B}.Debug|Any CPU.Build.0 = Debug|Any CPU
		{E6F89E0E-E956-4CBC-8C2B-5AC76FAE254B}.Release|Any CPU.ActiveCfg = Release|Any CPU
		{E6F89E0E-E956-4CBC-8C2B-5AC76FAE254B}.Release|Any CPU.Build.0 = Release|Any CPU
		{84D222BF-1E8E-49B2-9083-772F545982EF}.Debug|Any CPU.ActiveCfg = Debug|Any CPU
		{84D222BF-1E8E-49B2-9083-772F545982EF}.Debug|Any CPU.Build.0 = Debug|Any CPU
		{84D222BF-1E8E-49B2-9083-772F545982EF}.Release|Any CPU.ActiveCfg = Release|Any CPU
		{84D222BF-1E8E-49B2-9083-772F545982EF}.Release|Any CPU.Build.0 = Release|Any CPU
		{3ED41662-6140-4AA0-AB91-17F6F26CCA57}.Debug|Any CPU.ActiveCfg = Debug|Any CPU
		{3ED41662-6140-4AA0-AB91-17F6F26CCA57}.Debug|Any CPU.Build.0 = Debug|Any CPU
		{3ED41662-6140-4AA0-AB91-17F6F26CCA57}.Release|Any CPU.ActiveCfg = Release|Any CPU
		{3ED41662-6140-4AA0-AB91-17F6F26CCA57}.Release|Any CPU.Build.0 = Release|Any CPU
		{DAEFFB54-3275-4B80-AF95-EAFC5DB4DD24}.Debug|Any CPU.ActiveCfg = Debug|Any CPU
		{DAEFFB54-3275-4B80-AF95-EAFC5DB4DD24}.Debug|Any CPU.Build.0 = Debug|Any CPU
		{DAEFFB54-3275-4B80-AF95-EAFC5DB4DD24}.Release|Any CPU.ActiveCfg = Release|Any CPU
		{DAEFFB54-3275-4B80-AF95-EAFC5DB4DD24}.Release|Any CPU.Build.0 = Release|Any CPU
		{6207CDE5-0A16-4CCD-92D3-4A8D6F3A1926}.Debug|Any CPU.ActiveCfg = Debug|Any CPU
		{6207CDE5-0A16-4CCD-92D3-4A8D6F3A1926}.Debug|Any CPU.Build.0 = Debug|Any CPU
		{6207CDE5-0A16-4CCD-92D3-4A8D6F3A1926}.Release|Any CPU.ActiveCfg = Release|Any CPU
		{6207CDE5-0A16-4CCD-92D3-4A8D6F3A1926}.Release|Any CPU.Build.0 = Release|Any CPU
	EndGlobalSection
	GlobalSection(SolutionProperties) = preSolution
		HideSolutionNode = FALSE
	EndGlobalSection
	GlobalSection(NestedProjects) = preSolution
		{FA6489FE-6C9F-47AF-8AD2-F95631A9F8AF} = {80942CE3-1E56-4CC7-AFDB-4CBDEB20B515}
		{80942CE3-1E56-4CC7-AFDB-4CBDEB20B515} = {DF8C889D-C95F-478C-8627-A6406B504045}
		{75F13B4D-03F4-4508-8417-877057014854} = {DF8C889D-C95F-478C-8627-A6406B504045}
		{BEE693FF-1B53-4515-897A-647B957E2CC0} = {DF8C889D-C95F-478C-8627-A6406B504045}
		{36C2D56C-CBB5-4675-88B0-77E6779F92EC} = {DF8C889D-C95F-478C-8627-A6406B504045}
		{8B076372-A071-479E-9CC4-995546B53088} = {36C2D56C-CBB5-4675-88B0-77E6779F92EC}
		{E6F89E0E-E956-4CBC-8C2B-5AC76FAE254B} = {BEE693FF-1B53-4515-897A-647B957E2CC0}
		{68BE28AF-47DE-4596-8A79-1BF17BA22425} = {36C2D56C-CBB5-4675-88B0-77E6779F92EC}
		{84D222BF-1E8E-49B2-9083-772F545982EF} = {68BE28AF-47DE-4596-8A79-1BF17BA22425}
		{3ED41662-6140-4AA0-AB91-17F6F26CCA57} = {8B076372-A071-479E-9CC4-995546B53088}
		{DAEFFB54-3275-4B80-AF95-EAFC5DB4DD24} = {75F13B4D-03F4-4508-8417-877057014854}
		{4B4CDF78-D177-4584-A80B-1936970D301D} = {36C2D56C-CBB5-4675-88B0-77E6779F92EC}
		{6207CDE5-0A16-4CCD-92D3-4A8D6F3A1926} = {4B4CDF78-D177-4584-A80B-1936970D301D}
	EndGlobalSection
	GlobalSection(ExtensibilityGlobals) = postSolution
		SolutionGuid = {03B2D78E-8F1A-4DB8-A90F-22F20B95843E}
	EndGlobalSection
EndGlobal
